<?xml version="1.0" encoding="utf-8"?>
<Project ToolsVersion="4.0" xmlns="http://schemas.microsoft.com/developer/msbuild/2003">
  <ItemGroup>
    <ClCompile Include="stdafx.cpp" />
    <ClCompile Include="FaceVeri.cpp">
      <Filter>Algorithm</Filter>
    </ClCompile>
    <ClCompile Include="threadrun.cpp">
      <Filter>Source Files</Filter>
    </ClCompile>
    <ClCompile Include="CServerSocket.cpp">
      <Filter>Source Files</Filter>
    </ClCompile>
  </ItemGroup>
  <ItemGroup>
    <ClInclude Include="Resource.h" />
    <ClInclude Include="stdafx.h" />
    <ClInclude Include="targetver.h" />
    <ClInclude Include="FaceVeri.h">
      <Filter>Algorithm</Filter>
    </ClInclude>
    <ClInclude Include="threadrun.h">
      <Filter>Header Files</Filter>
    </ClInclude>
    <ClInclude Include="CServerSocket.h">
      <Filter>Header Files</Filter>
    </ClInclude>
  </ItemGroup>
  <ItemGroup>
    <ResourceCompile Include="FaceVeri.rc" />
  </ItemGroup>
  <ItemGroup>
    <None Include="ReadMe.txt" />
  </ItemGroup>
  <ItemGroup>
    <Filter Include="Algorithm">
      <UniqueIdentifier>{36c62882-b135-480d-8a7c-a87bfdd0e8f7}</UniqueIdentifier>
    </Filter>
    <Filter Include="Header Files">
      <UniqueIdentifier>{903017fe-1ff7-43f9-bcaf-abd1556577cc}</UniqueIdentifier>
    </Filter>
    <Filter Include="Source Files">
      <UniqueIdentifier>{8a057ed3-9b83-4e87-9a3b-4a3660ef3646}</UniqueIdentifier>
    </Filter>
  </ItemGroup>
</Project>